{
  "name": "worldmaker.github.io",
  "version": "1.0.0",
  "lockfileVersion": 2,
  "requires": true,
  "packages": {
    "": {
      "name": "worldmaker.github.io",
      "version": "1.0.0",
      "license": "MIT",
      "dependencies": {
        "lcars-moderne": "^2.0.0"
      }
    },
    "node_modules/lcars-moderne": {
      "version": "2.0.0",
      "resolved": "https://registry.npmjs.org/lcars-moderne/-/lcars-moderne-2.0.0.tgz",
      "integrity": "sha512-rlgAK5fkXLzSO5IllfPhJ6ii2QOriXBTQR6RiDskkSAEJNhmdyQ3bncJjP7mdyvRFKaYjZSv5X8tY1axbf8JIQ=="
    }
  },
  "dependencies": {
    "lcars-moderne": {
      "version": "2.0.0",
      "resolved": "https://registry.npmjs.org/lcars-moderne/-/lcars-moderne-2.0.0.tgz",
      "integrity": "sha512-rlgAK5fkXLzSO5IllfPhJ6ii2QOriXBTQR6RiDskkSAEJNhmdyQ3bncJjP7mdyvRFKaYjZSv5X8tY1axbf8JIQ=="
    }
  }
}
