{
  "name": "worldmaker.github.io",
  "version": "1.0.0",
  "lockfileVersion": 2,
  "requires": true,
  "packages": {
    "": {
      "name": "worldmaker.github.io",
      "version": "1.0.0",
      "license": "MIT",
      "dependencies": {
        "lcars-moderne": "^2.0.2"
      }
    },
    "node_modules/lcars-moderne": {
      "version": "2.0.2",
      "resolved": "https://registry.npmjs.org/lcars-moderne/-/lcars-moderne-2.0.2.tgz",
      "integrity": "sha512-Qf6OT+cy4tmH8zu37U7TY7alDlJrgPRZFIC2r0DioAiOLcOy5nwl9gA+qwS6b34+bDhnJRMxpnslJe1AAqRicw=="
    }
  },
  "dependencies": {
    "lcars-moderne": {
      "version": "2.0.2",
      "resolved": "https://registry.npmjs.org/lcars-moderne/-/lcars-moderne-2.0.2.tgz",
      "integrity": "sha512-Qf6OT+cy4tmH8zu37U7TY7alDlJrgPRZFIC2r0DioAiOLcOy5nwl9gA+qwS6b34+bDhnJRMxpnslJe1AAqRicw=="
    }
  }
}
